{
	"name": "portfolio",
	"version": "1.0.0",
	"lockfileVersion": 1,
	"requires": true,
	"dependencies": {
		"css-loader": {
			"version": "0.28.4",
			"resolved": "https://registry.npmjs.org/css-loader/-/css-loader-0.28.4.tgz",
			"integrity": "sha1-bPNXkZLONV6LONX0Ldeh8uyJjQ8=",
			"dev": true,
			"dependencies": {
				"loader-utils": {
					"version": "1.1.0",
					"resolved": "https://registry.npmjs.org/loader-utils/-/loader-utils-1.1.0.tgz",
					"integrity": "sha1-yYrvSIvM7aL/teLeZG1qdUQp9c0="
				},
				"source-list-map": {
					"version": "0.1.8",
					"resolved": "https://registry.npmjs.org/source-list-map/-/source-list-map-0.1.8.tgz",
					"integrity": "sha1-xVCyq1Qn9rPyH1r+rYjE9Vh7IQY="
				}
			}
		},
		"extract-text-webpack-plugin": {
			"version": "2.1.2",
			"resolved": "https://registry.npmjs.org/extract-text-webpack-plugin/-/extract-text-webpack-plugin-2.1.2.tgz",
			"integrity": "sha1-dW7076gVXDaBgz+8NNpTuUF0bWw=",
			"dev": true,
			"dependencies": {
				"loader-utils": {
					"version": "1.1.0",
					"resolved": "https://registry.npmjs.org/loader-utils/-/loader-utils-1.1.0.tgz",
					"integrity": "sha1-yYrvSIvM7aL/teLeZG1qdUQp9c0="
				},
				"source-list-map": {
					"version": "2.0.0",
					"resolved": "https://registry.npmjs.org/source-list-map/-/source-list-map-2.0.0.tgz",
					"integrity": "sha512-I2UmuJSRr/T8jisiROLU3A3ltr+swpniSmNPI4Ml3ZCX6tVnDsuZzK7F2hl5jTqbZBWCEKlj5HRQiPExXLgE8A=="
				},
				"webpack-sources": {
					"version": "1.0.1",
					"resolved": "https://registry.npmjs.org/webpack-sources/-/webpack-sources-1.0.1.tgz",
					"integrity": "sha512-05tMxipUCwHqYaVS8xc7sYPTly8PzXayRCB4dTxLhWTqlKUiwH6ezmEe0OSreL1c30LAuA3Zqmc+uEBUGFJDjw=="
				}
			}
		},
		"file-loader": {
			"version": "0.11.2",
			"resolved": "https://registry.npmjs.org/file-loader/-/file-loader-0.11.2.tgz",
			"integrity": "sha512-N+uhF3mswIFeziHQjGScJ/yHXYt3DiLBeC+9vWW+WjUBiClMSOlV1YrXQi+7KM2aA3Rn4Bybgv+uXFQbfkzpvg==",
			"dev": true,
			"dependencies": {
				"loader-utils": {
					"version": "1.1.0",
					"resolved": "https://registry.npmjs.org/loader-utils/-/loader-utils-1.1.0.tgz",
					"integrity": "sha1-yYrvSIvM7aL/teLeZG1qdUQp9c0="
				}
			}
		},
		"jquery": {
			"version": "3.4.0",
			"resolved": "https://registry.npmjs.org/jquery/-/jquery-3.4.0.tgz",
			"integrity": "sha512-ggRCXln9zEqv6OqAGXFEcshF5dSBvCkzj6Gm2gzuR5fWawaX8t7cxKVkkygKODrDAzKdoYw3l/e3pm3vlT4IbQ=="
		},
		"style-loader": {
			"version": "0.18.2",
			"resolved": "https://registry.npmjs.org/style-loader/-/style-loader-0.18.2.tgz",
			"integrity": "sha512-WPpJPZGUxWYHWIUMNNOYqql7zh85zGmr84FdTVWq52WTIkqlW9xSxD3QYWi/T31cqn9UNSsietVEgGn2aaSCzw==",
			"dev": true,
			"dependencies": {
				"loader-utils": {
					"version": "1.1.0",
					"resolved": "https://registry.npmjs.org/loader-utils/-/loader-utils-1.1.0.tgz",
					"integrity": "sha1-yYrvSIvM7aL/teLeZG1qdUQp9c0="
				}
			}
		},
		"url-loader": {
			"version": "0.5.9",
			"resolved": "https://registry.npmjs.org/url-loader/-/url-loader-0.5.9.tgz",
			"integrity": "sha512-B7QYFyvv+fOBqBVeefsxv6koWWtjmHaMFT6KZWti4KRw8YUD/hOU+3AECvXuzyVawIBx3z7zQRejXCDSO5kk1Q==",
			"dev": true,
			"dependencies": {
				"loader-utils": {
					"version": "1.1.0",
					"resolved": "https://registry.npmjs.org/loader-utils/-/loader-utils-1.1.0.tgz",
					"integrity": "sha1-yYrvSIvM7aL/teLeZG1qdUQp9c0="
				}
			}
		},
		"webpack": {
			"version": "2.6.1",
			"resolved": "https://registry.npmjs.org/webpack/-/webpack-2.6.1.tgz",
			"integrity": "sha1-LgRX8KuxrF3zqxBsacZy8jZ4Xwc=",
			"dev": true
		}
	}
}
