{
	"name": "portfolio",
	"version": "1.0.0",
	"lockfileVersion": 1,
	"dependencies": {
		"ansi-regex": {
			"version": "2.1.1",
			"resolved": "https://registry.npmjs.org/ansi-regex/-/ansi-regex-2.1.1.tgz",
			"integrity": "sha1-w7M6te42DYbg5ijwRorn7yfWVN8=",
			"dev": true
		},
		"ansi-styles": {
			"version": "2.2.1",
			"resolved": "https://registry.npmjs.org/ansi-styles/-/ansi-styles-2.2.1.tgz",
			"integrity": "sha1-tDLdM1i2NM914eRmQ2gkBTPB3b4=",
			"dev": true
		},
		"chalk": {
			"version": "1.1.3",
			"resolved": "https://registry.npmjs.org/chalk/-/chalk-1.1.3.tgz",
			"integrity": "sha1-qBFcVeSnAv5NFQq9OHKCKn4J/Jg=",
			"dev": true
		},
		"clone": {
			"version": "1.0.2",
			"resolved": "https://registry.npmjs.org/clone/-/clone-1.0.2.tgz",
			"integrity": "sha1-Jgt6meux7f4kdTgXX3gyQ8sZ0Uk=",
			"dev": true
		},
		"clone-buffer": {
			"version": "1.0.0",
			"resolved": "https://registry.npmjs.org/clone-buffer/-/clone-buffer-1.0.0.tgz",
			"integrity": "sha1-4+JbIHrE5wGvch4staFnksrD3Fg=",
			"dev": true
		},
		"clone-stats": {
			"version": "1.0.0",
			"resolved": "https://registry.npmjs.org/clone-stats/-/clone-stats-1.0.0.tgz",
			"integrity": "sha1-s3gt/4u1R04Yuba/D9/ngvh3doA=",
			"dev": true
		},
		"cloneable-readable": {
			"version": "1.0.0",
			"resolved": "https://registry.npmjs.org/cloneable-readable/-/cloneable-readable-1.0.0.tgz",
			"integrity": "sha1-pikNQT8hemEjL5XkWP84QYz7ARc=",
			"dev": true
		},
		"core-util-is": {
			"version": "1.0.2",
			"resolved": "https://registry.npmjs.org/core-util-is/-/core-util-is-1.0.2.tgz",
			"integrity": "sha1-tf1UIgqivFq1eqtxQMlAdUUDwac=",
			"dev": true
		},
		"escape-string-regexp": {
			"version": "1.0.5",
			"resolved": "https://registry.npmjs.org/escape-string-regexp/-/escape-string-regexp-1.0.5.tgz",
			"integrity": "sha1-G2HAViGQqN/2rjuyzwIAyhMLhtQ=",
			"dev": true
		},
		"google-closure-compiler": {
			"version": "20170521.0.0",
			"resolved": "https://registry.npmjs.org/google-closure-compiler/-/google-closure-compiler-20170521.0.0.tgz",
			"integrity": "sha1-RnHK9wvRguTAQd2wyV9I93aVuqk=",
			"dev": true
		},
		"google-closure-stylesheets": {
			"version": "20150509.0.0",
			"resolved": "https://registry.npmjs.org/google-closure-stylesheets/-/google-closure-stylesheets-20150509.0.0.tgz",
			"integrity": "sha1-NljJ+CaNHcbwyBA018Y90l9sZRc=",
			"dev": true
		},
		"has-ansi": {
			"version": "2.0.0",
			"resolved": "https://registry.npmjs.org/has-ansi/-/has-ansi-2.0.0.tgz",
			"integrity": "sha1-NPUEnOHs3ysGSa8+8k5F7TVBbZE=",
			"dev": true
		},
		"inherits": {
			"version": "2.0.3",
			"resolved": "https://registry.npmjs.org/inherits/-/inherits-2.0.3.tgz",
			"integrity": "sha1-Yzwsg+PaQqUC9SRmAiSA9CCCYd4=",
			"dev": true
		},
		"is-stream": {
			"version": "1.1.0",
			"resolved": "https://registry.npmjs.org/is-stream/-/is-stream-1.1.0.tgz",
			"integrity": "sha1-EtSj3U5o4Lec6428hBc66A2RykQ=",
			"dev": true
		},
		"isarray": {
			"version": "1.0.0",
			"resolved": "https://registry.npmjs.org/isarray/-/isarray-1.0.0.tgz",
			"integrity": "sha1-u5NdSFgsuhaMBoNJV6VKPgcSTxE=",
			"dev": true
		},
		"process-nextick-args": {
			"version": "1.0.7",
			"resolved": "https://registry.npmjs.org/process-nextick-args/-/process-nextick-args-1.0.7.tgz",
			"integrity": "sha1-FQ4gt1ZZCtP5EJPyWk8q2L/zC6M=",
			"dev": true
		},
		"readable-stream": {
			"version": "2.2.11",
			"resolved": "https://registry.npmjs.org/readable-stream/-/readable-stream-2.2.11.tgz",
			"integrity": "sha512-h+8+r3MKEhkiVrwdKL8aWs1oc1VvBu33ueshOvS26RsZQ3Amhx/oO3TKe4lApSV9ueY6as8EAh7mtuFjdlhg9Q==",
			"dev": true
		},
		"remove-trailing-separator": {
			"version": "1.0.2",
			"resolved": "https://registry.npmjs.org/remove-trailing-separator/-/remove-trailing-separator-1.0.2.tgz",
			"integrity": "sha1-abBi2XhyetFNxrVrpKt3L9jXBRE=",
			"dev": true
		},
		"replace-ext": {
			"version": "1.0.0",
			"resolved": "https://registry.npmjs.org/replace-ext/-/replace-ext-1.0.0.tgz",
			"integrity": "sha1-3mMSg3P8v3w8z6TeWkgMRaZ5WOs=",
			"dev": true
		},
		"safe-buffer": {
			"version": "5.0.1",
			"resolved": "https://registry.npmjs.org/safe-buffer/-/safe-buffer-5.0.1.tgz",
			"integrity": "sha1-0mPKVGls2KMGtcplUekt5XkY++c=",
			"dev": true
		},
		"source-map": {
			"version": "0.5.6",
			"resolved": "https://registry.npmjs.org/source-map/-/source-map-0.5.6.tgz",
			"integrity": "sha1-dc449SvwczxafwwRjYEzSiu19BI=",
			"dev": true
		},
		"string_decoder": {
			"version": "1.0.2",
			"resolved": "https://registry.npmjs.org/string_decoder/-/string_decoder-1.0.2.tgz",
			"integrity": "sha1-sp4fThEl+pehA4K4pTNze3SR4Xk=",
			"dev": true
		},
		"strip-ansi": {
			"version": "3.0.1",
			"resolved": "https://registry.npmjs.org/strip-ansi/-/strip-ansi-3.0.1.tgz",
			"integrity": "sha1-ajhfuIU9lS1f8F0Oiq+UJ43GPc8=",
			"dev": true
		},
		"supports-color": {
			"version": "2.0.0",
			"resolved": "https://registry.npmjs.org/supports-color/-/supports-color-2.0.0.tgz",
			"integrity": "sha1-U10EXOa2Nj+kARcIRimZXp3zJMc=",
			"dev": true
		},
		"through2": {
			"version": "2.0.3",
			"resolved": "https://registry.npmjs.org/through2/-/through2-2.0.3.tgz",
			"integrity": "sha1-AARWmzfHx0ujnEPzzteNGtlBQL4=",
			"dev": true
		},
		"util-deprecate": {
			"version": "1.0.2",
			"resolved": "https://registry.npmjs.org/util-deprecate/-/util-deprecate-1.0.2.tgz",
			"integrity": "sha1-RQ1Nyfpw3nMnYvvS1KKJgUGaDM8=",
			"dev": true
		},
		"vinyl": {
			"version": "2.0.2",
			"resolved": "https://registry.npmjs.org/vinyl/-/vinyl-2.0.2.tgz",
			"integrity": "sha1-CjcT2NTpIhxY8QyhbAEWyeJe2nw=",
			"dev": true
		},
		"vinyl-sourcemaps-apply": {
			"version": "0.2.1",
			"resolved": "https://registry.npmjs.org/vinyl-sourcemaps-apply/-/vinyl-sourcemaps-apply-0.2.1.tgz",
			"integrity": "sha1-q2VJ1h0XLCsbh75cUI0jnI74dwU=",
			"dev": true
		},
		"xtend": {
			"version": "4.0.1",
			"resolved": "https://registry.npmjs.org/xtend/-/xtend-4.0.1.tgz",
			"integrity": "sha1-pcbVMr5lbiPbgg77lDofBJmNY68=",
			"dev": true
		}
	}
}
